// !$*UTF8*$!
{
	archiveVersion = 1;
	classes = {
	};
	objectVersion = 56;
	objects = {

/* Begin PBXBuildFile section */
		58D2ABD22C3ECCA800B848CA /* assessmentApp.swift in Sources */ = {isa = PBXBuildFile; fileRef = 58D2ABD12C3ECCA800B848CA /* assessmentApp.swift */; };
		58D2ABD42C3ECCA800B848CA /* ContentView.swift in Sources */ = {isa = PBXBuildFile; fileRef = 58D2ABD32C3ECCA800B848CA /* ContentView.swift */; };
		58D2ABD62C3ECCA800B848CA /* Item.swift in Sources */ = {isa = PBXBuildFile; fileRef = 58D2ABD52C3ECCA800B848CA /* Item.swift */; };
		58D2ABD82C3ECCAA00B848CA /* Assets.xcassets in Resources */ = {isa = PBXBuildFile; fileRef = 58D2ABD72C3ECCAA00B848CA /* Assets.xcassets */; };
		58D2ABDB2C3ECCAA00B848CA /* Preview Assets.xcassets in Resources */ = {isa = PBXBuildFile; fileRef = 58D2ABDA2C3ECCAA00B848CA /* Preview Assets.xcassets */; };
		58D2ABE52C3ECCAA00B848CA /* assessmentTests.swift in Sources */ = {isa = PBXBuildFile; fileRef = 58D2ABE42C3ECCAA00B848CA /* assessmentTests.swift */; };
		58D2ABEF2C3ECCAA00B848CA /* assessmentUITests.swift in Sources */ = {isa = PBXBuildFile; fileRef = 58D2ABEE2C3ECCAA00B848CA /* assessmentUITests.swift */; };
		58D2ABF12C3ECCAA00B848CA /* assessmentUITestsLaunchTests.swift in Sources */ = {isa = PBXBuildFile; fileRef = 58D2ABF02C3ECCAA00B848CA /* assessmentUITestsLaunchTests.swift */; };
/* End PBXBuildFile section */

/* Begin PBXContainerItemProxy section */
		58D2ABE12C3ECCAA00B848CA /* PBXContainerItemProxy */ = {
			isa = PBXContainerItemProxy;
			containerPortal = 58D2ABC62C3ECCA800B848CA /* Project object */;
			proxyType = 1;
			remoteGlobalIDString = 58D2ABCD2C3ECCA800B848CA;
			remoteInfo = assessment;
		};
		58D2ABEB2C3ECCAA00B848CA /* PBXContainerItemProxy */ = {
			isa = PBXContainerItemProxy;
			containerPortal = 58D2ABC62C3ECCA800B848CA /* Project object */;
			proxyType = 1;
			remoteGlobalIDString = 58D2ABCD2C3ECCA800B848CA;
			remoteInfo = assessment;
		};
/* End PBXContainerItemProxy section */

/* Begin PBXFileReference section */
		58D2ABCE2C3ECCA800B848CA /* assessment.app */ = {isa = PBXFileReference; explicitFileType = wrapper.application; includeInIndex = 0; path = assessment.app; sourceTree = BUILT_PRODUCTS_DIR; };
		58D2ABD12C3ECCA800B848CA /* assessmentApp.swift */ = {isa = PBXFileReference; lastKnownFileType = sourcecode.swift; path = assessmentApp.swift; sourceTree = "<group>"; };
		58D2ABD32C3ECCA800B848CA /* ContentView.swift */ = {isa = PBXFileReference; lastKnownFileType = sourcecode.swift; path = ContentView.swift; sourceTree = "<group>"; };
		58D2ABD52C3ECCA800B848CA /* Item.swift */ = {isa = PBXFileReference; lastKnownFileType = sourcecode.swift; path = Item.swift; sourceTree = "<group>"; };
		58D2ABD72C3ECCAA00B848CA /* Assets.xcassets */ = {isa = PBXFileReference; lastKnownFileType = folder.assetcatalog; path = Assets.xcassets; sourceTree = "<group>"; };
		58D2ABDA2C3ECCAA00B848CA /* Preview Assets.xcassets */ = {isa = PBXFileReference; lastKnownFileType = folder.assetcatalog; path = "Preview Assets.xcassets"; sourceTree = "<group>"; };
		58D2ABE02C3ECCAA00B848CA /* assessmentTests.xctest */ = {isa = PBXFileReference; explicitFileType = wrapper.cfbundle; includeInIndex = 0; path = assessmentTests.xctest; sourceTree = BUILT_PRODUCTS_DIR; };
		58D2ABE42C3ECCAA00B848CA /* assessmentTests.swift */ = {isa = PBXFileReference; lastKnownFileType = sourcecode.swift; path = assessmentTests.swift; sourceTree = "<group>"; };
		58D2ABEA2C3ECCAA00B848CA /* assessmentUITests.xctest */ = {isa = PBXFileReference; explicitFileType = wrapper.cfbundle; includeInIndex = 0; path = assessmentUITests.xctest; sourceTree = BUILT_PRODUCTS_DIR; };
		58D2ABEE2C3ECCAA00B848CA /* assessmentUITests.swift */ = {isa = PBXFileReference; lastKnownFileType = sourcecode.swift; path = assessmentUITests.swift; sourceTree = "<group>"; };
		58D2ABF02C3ECCAA00B848CA /* assessmentUITestsLaunchTests.swift */ = {isa = PBXFileReference; lastKnownFileType = sourcecode.swift; path = assessmentUITestsLaunchTests.swift; sourceTree = "<group>"; };
/* End PBXFileReference section */

/* Begin PBXFrameworksBuildPhase section */
		58D2ABCB2C3ECCA800B848CA /* Frameworks */ = {
			isa = PBXFrameworksBuildPhase;
			buildActionMask = 2147483647;
			files = (
			);
			runOnlyForDeploymentPostprocessing = 0;
		};
		58D2ABDD2C3ECCAA00B848CA /* Frameworks */ = {
			isa = PBXFrameworksBuildPhase;
			buildActionMask = 2147483647;
			files = (
			);
			runOnlyForDeploymentPostprocessing = 0;
		};
		58D2ABE72C3ECCAA00B848CA /* Frameworks */ = {
			isa = PBXFrameworksBuildPhase;
			buildActionMask = 2147483647;
			files = (
			);
			runOnlyForDeploymentPostprocessing = 0;
		};
/* End PBXFrameworksBuildPhase section */

/* Begin PBXGroup section */
		58D2ABC52C3ECCA800B848CA = {
			isa = PBXGroup;
			children = (
				58D2ABD02C3ECCA800B848CA /* assessment */,
				58D2ABE32C3ECCAA00B848CA /* assessmentTests */,
				58D2ABED2C3ECCAA00B848CA /* assessmentUITests */,
				58D2ABCF2C3ECCA800B848CA /* Products */,
			);
			sourceTree = "<group>";
		};
		58D2ABCF2C3ECCA800B848CA /* Products */ = {
			isa = PBXGroup;
			children = (
				58D2ABCE2C3ECCA800B848CA /* assessment.app */,
				58D2ABE02C3ECCAA00B848CA /* assessmentTests.xctest */,
				58D2ABEA2C3ECCAA00B848CA /* assessmentUITests.xctest */,
			);
			name = Products;
			sourceTree = "<group>";
		};
		58D2ABD02C3ECCA800B848CA /* assessment */ = {
			isa = PBXGroup;
			children = (
				58D2ABD12C3ECCA800B848CA /* assessmentApp.swift */,
				58D2ABD32C3ECCA800B848CA /* ContentView.swift */,
				58D2ABD52C3ECCA800B848CA /* Item.swift */,
				58D2ABD72C3ECCAA00B848CA /* Assets.xcassets */,
				58D2ABD92C3ECCAA00B848CA /* Preview Content */,
			);
			path = assessment;
			sourceTree = "<group>";
		};
		58D2ABD92C3ECCAA00B848CA /* Preview Content */ = {
			isa = PBXGroup;
			children = (
				58D2ABDA2C3ECCAA00B848CA /* Preview Assets.xcassets */,
			);
			path = "Preview Content";
			sourceTree = "<group>";
		};
		58D2ABE32C3ECCAA00B848CA /* assessmentTests */ = {
			isa = PBXGroup;
			children = (
				58D2ABE42C3ECCAA00B848CA /* assessmentTests.swift */,
			);
			path = assessmentTests;
			sourceTree = "<group>";
		};
		58D2ABED2C3ECCAA00B848CA /* assessmentUITests */ = {
			isa = PBXGroup;
			children = (
				58D2ABEE2C3ECCAA00B848CA /* assessmentUITests.swift */,
				58D2ABF02C3ECCAA00B848CA /* assessmentUITestsLaunchTests.swift */,
			);
			path = assessmentUITests;
			sourceTree = "<group>";
		};
/* End PBXGroup section */

/* Begin PBXNativeTarget section */
		58D2ABCD2C3ECCA800B848CA /* assessment */ = {
			isa = PBXNativeTarget;
			buildConfigurationList = 58D2ABF42C3ECCAA00B848CA /* Build configuration list for PBXNativeTarget "assessment" */;
			buildPhases = (
				58D2ABCA2C3ECCA800B848CA /* Sources */,
				58D2ABCB2C3ECCA800B848CA /* Frameworks */,
				58D2ABCC2C3ECCA800B848CA /* Resources */,
			);
			buildRules = (
			);
			dependencies = (
			);
			name = assessment;
			productName = assessment;
			productReference = 58D2ABCE2C3ECCA800B848CA /* assessment.app */;
			productType = "com.apple.product-type.application";
		};
		58D2ABDF2C3ECCAA00B848CA /* assessmentTests */ = {
			isa = PBXNativeTarget;
			buildConfigurationList = 58D2ABF72C3ECCAA00B848CA /* Build configuration list for PBXNativeTarget "assessmentTests" */;
			buildPhases = (
				58D2ABDC2C3ECCAA00B848CA /* Sources */,
				58D2ABDD2C3ECCAA00B848CA /* Frameworks */,
				58D2ABDE2C3ECCAA00B848CA /* Resources */,
			);
			buildRules = (
			);
			dependencies = (
				58D2ABE22C3ECCAA00B848CA /* PBXTargetDependency */,
			);
			name = assessmentTests;
			productName = assessmentTests;
			productReference = 58D2ABE02C3ECCAA00B848CA /* assessmentTests.xctest */;
			productType = "com.apple.product-type.bundle.unit-test";
		};
		58D2ABE92C3ECCAA00B848CA /* assessmentUITests */ = {
			isa = PBXNativeTarget;
			buildConfigurationList = 58D2ABFA2C3ECCAA00B848CA /* Build configuration list for PBXNativeTarget "assessmentUITests" */;
			buildPhases = (
				58D2ABE62C3ECCAA00B848CA /* Sources */,
				58D2ABE72C3ECCAA00B848CA /* Frameworks */,
				58D2ABE82C3ECCAA00B848CA /* Resources */,
			);
			buildRules = (
			);
			dependencies = (
				58D2ABEC2C3ECCAA00B848CA /* PBXTargetDependency */,
			);
			name = assessmentUITests;
			productName = assessmentUITests;
			productReference = 58D2ABEA2C3ECCAA00B848CA /* assessmentUITests.xctest */;
			productType = "com.apple.product-type.bundle.ui-testing";
		};
/* End PBXNativeTarget section */

/* Begin PBXProject section */
		58D2ABC62C3ECCA800B848CA /* Project object */ = {
			isa = PBXProject;
			attributes = {
				BuildIndependentTargetsInParallel = 1;
				LastSwiftUpdateCheck = 1500;
				LastUpgradeCheck = 1500;
				TargetAttributes = {
					58D2ABCD2C3ECCA800B848CA = {
						CreatedOnToolsVersion = 15.0;
					};
					58D2ABDF2C3ECCAA00B848CA = {
						CreatedOnToolsVersion = 15.0;
						TestTargetID = 58D2ABCD2C3ECCA800B848CA;
					};
					58D2ABE92C3ECCAA00B848CA = {
						CreatedOnToolsVersion = 15.0;
						TestTargetID = 58D2ABCD2C3ECCA800B848CA;
					};
				};
			};
			buildConfigurationList = 58D2ABC92C3ECCA800B848CA /* Build configuration list for PBXProject "assessment" */;
			compatibilityVersion = "Xcode 14.0";
			developmentRegion = en;
			hasScannedForEncodings = 0;
			knownRegions = (
				en,
				Base,
			);
			mainGroup = 58D2ABC52C3ECCA800B848CA;
			productRefGroup = 58D2ABCF2C3ECCA800B848CA /* Products */;
			projectDirPath = "";
			projectRoot = "";
			targets = (
				58D2ABCD2C3ECCA800B848CA /* assessment */,
				58D2ABDF2C3ECCAA00B848CA /* assessmentTests */,
				58D2ABE92C3ECCAA00B848CA /* assessmentUITests */,
			);
		};
/* End PBXProject section */

/* Begin PBXResourcesBuildPhase section */
		58D2ABCC2C3ECCA800B848CA /* Resources */ = {
			isa = PBXResourcesBuildPhase;
			buildActionMask = 2147483647;
			files = (
				58D2ABDB2C3ECCAA00B848CA /* Preview Assets.xcassets in Resources */,
				58D2ABD82C3ECCAA00B848CA /* Assets.xcassets in Resources */,
			);
			runOnlyForDeploymentPostprocessing = 0;
		};
		58D2ABDE2C3ECCAA00B848CA /* Resources */ = {
			isa = PBXResourcesBuildPhase;
			buildActionMask = 2147483647;
			files = (
			);
			runOnlyForDeploymentPostprocessing = 0;
		};
		58D2ABE82C3ECCAA00B848CA /* Resources */ = {
			isa = PBXResourcesBuildPhase;
			buildActionMask = 2147483647;
			files = (
			);
			runOnlyForDeploymentPostprocessing = 0;
		};
/* End PBXResourcesBuildPhase section */

/* Begin PBXSourcesBuildPhase section */
		58D2ABCA2C3ECCA800B848CA /* Sources */ = {
			isa = PBXSourcesBuildPhase;
			buildActionMask = 2147483647;
			files = (
				58D2ABD42C3ECCA800B848CA /* ContentView.swift in Sources */,
				58D2ABD62C3ECCA800B848CA /* Item.swift in Sources */,
				58D2ABD22C3ECCA800B848CA /* assessmentApp.swift in Sources */,
			);
			runOnlyForDeploymentPostprocessing = 0;
		};
		58D2ABDC2C3ECCAA00B848CA /* Sources */ = {
			isa = PBXSourcesBuildPhase;
			buildActionMask = 2147483647;
			files = (
				58D2ABE52C3ECCAA00B848CA /* assessmentTests.swift in Sources */,
			);
			runOnlyForDeploymentPostprocessing = 0;
		};
		58D2ABE62C3ECCAA00B848CA /* Sources */ = {
			isa = PBXSourcesBuildPhase;
			buildActionMask = 2147483647;
			files = (
				58D2ABF12C3ECCAA00B848CA /* assessmentUITestsLaunchTests.swift in Sources */,
				58D2ABEF2C3ECCAA00B848CA /* assessmentUITests.swift in Sources */,
			);
			runOnlyForDeploymentPostprocessing = 0;
		};
/* End PBXSourcesBuildPhase section */

/* Begin PBXTargetDependency section */
		58D2ABE22C3ECCAA00B848CA /* PBXTargetDependency */ = {
			isa = PBXTargetDependency;
			target = 58D2ABCD2C3ECCA800B848CA /* assessment */;
			targetProxy = 58D2ABE12C3ECCAA00B848CA /* PBXContainerItemProxy */;
		};
		58D2ABEC2C3ECCAA00B848CA /* PBXTargetDependency */ = {
			isa = PBXTargetDependency;
			target = 58D2ABCD2C3ECCA800B848CA /* assessment */;
			targetProxy = 58D2ABEB2C3ECCAA00B848CA /* PBXContainerItemProxy */;
		};
/* End PBXTargetDependency section */

/* Begin XCBuildConfiguration section */
		58D2ABF22C3ECCAA00B848CA /* Debug */ = {
			isa = XCBuildConfiguration;
			buildSettings = {
				ALWAYS_SEARCH_USER_PATHS = NO;
				ASSETCATALOG_COMPILER_GENERATE_SWIFT_ASSET_SYMBOL_EXTENSIONS = YES;
				CLANG_ANALYZER_NONNULL = YES;
				CLANG_ANALYZER_NUMBER_OBJECT_CONVERSION = YES_AGGRESSIVE;
				CLANG_CXX_LANGUAGE_STANDARD = "gnu++20";
				CLANG_ENABLE_MODULES = YES;
				CLANG_ENABLE_OBJC_ARC = YES;
				CLANG_ENABLE_OBJC_WEAK = YES;
				CLANG_WARN_BLOCK_CAPTURE_AUTORELEASING = YES;
				CLANG_WARN_BOOL_CONVERSION = YES;
				CLANG_WARN_COMMA = YES;
				CLANG_WARN_CONSTANT_CONVERSION = YES;
				CLANG_WARN_DEPRECATED_OBJC_IMPLEMENTATIONS = YES;
				CLANG_WARN_DIRECT_OBJC_ISA_USAGE = YES_ERROR;
				CLANG_WARN_DOCUMENTATION_COMMENTS = YES;
				CLANG_WARN_EMPTY_BODY = YES;
				CLANG_WARN_ENUM_CONVERSION = YES;
				CLANG_WARN_INFINITE_RECURSION = YES;
				CLANG_WARN_INT_CONVERSION = YES;
				CLANG_WARN_NON_LITERAL_NULL_CONVERSION = YES;
				CLANG_WARN_OBJC_IMPLICIT_RETAIN_SELF = YES;
				CLANG_WARN_OBJC_LITERAL_CONVERSION = YES;
				CLANG_WARN_OBJC_ROOT_CLASS = YES_ERROR;
				CLANG_WARN_QUOTED_INCLUDE_IN_FRAMEWORK_HEADER = YES;
				CLANG_WARN_RANGE_LOOP_ANALYSIS = YES;
				CLANG_WARN_STRICT_PROTOTYPES = YES;
				CLANG_WARN_SUSPICIOUS_MOVE = YES;
				CLANG_WARN_UNGUARDED_AVAILABILITY = YES_AGGRESSIVE;
				CLANG_WARN_UNREACHABLE_CODE = YES;
				CLANG_WARN__DUPLICATE_METHOD_MATCH = YES;
				COPY_PHASE_STRIP = NO;
				DEBUG_INFORMATION_FORMAT = dwarf;
				ENABLE_STRICT_OBJC_MSGSEND = YES;
				ENABLE_TESTABILITY = YES;
				ENABLE_USER_SCRIPT_SANDBOXING = YES;
				GCC_C_LANGUAGE_STANDARD = gnu17;
				GCC_DYNAMIC_NO_PIC = NO;
				GCC_NO_COMMON_BLOCKS = YES;
				GCC_OPTIMIZATION_LEVEL = 0;
				GCC_PREPROCESSOR_DEFINITIONS = (
					"DEBUG=1",
					"$(inherited)",
				);
				GCC_WARN_64_TO_32_BIT_CONVERSION = YES;
				GCC_WARN_ABOUT_RETURN_TYPE = YES_ERROR;
				GCC_WARN_UNDECLARED_SELECTOR = YES;
				GCC_WARN_UNINITIALIZED_AUTOS = YES_AGGRESSIVE;
				GCC_WARN_UNUSED_FUNCTION = YES;
				GCC_WARN_UNUSED_VARIABLE = YES;
				IPHONEOS_DEPLOYMENT_TARGET = 17.0;
				LOCALIZATION_PREFERS_STRING_CATALOGS = YES;
				MTL_ENABLE_DEBUG_INFO = INCLUDE_SOURCE;
				MTL_FAST_MATH = YES;
				ONLY_ACTIVE_ARCH = YES;
				SDKROOT = iphoneos;
				SWIFT_ACTIVE_COMPILATION_CONDITIONS = "DEBUG $(inherited)";
				SWIFT_OPTIMIZATION_LEVEL = "-Onone";
			};
			name = Debug;
		};
		58D2ABF32C3ECCAA00B848CA /* Release */ = {
			isa = XCBuildConfiguration;
			buildSettings = {
				ALWAYS_SEARCH_USER_PATHS = NO;
				ASSETCATALOG_COMPILER_GENERATE_SWIFT_ASSET_SYMBOL_EXTENSIONS = YES;
				CLANG_ANALYZER_NONNULL = YES;
				CLANG_ANALYZER_NUMBER_OBJECT_CONVERSION = YES_AGGRESSIVE;
				CLANG_CXX_LANGUAGE_STANDARD = "gnu++20";
				CLANG_ENABLE_MODULES = YES;
				CLANG_ENABLE_OBJC_ARC = YES;
				CLANG_ENABLE_OBJC_WEAK = YES;
				CLANG_WARN_BLOCK_CAPTURE_AUTORELEASING = YES;
				CLANG_WARN_BOOL_CONVERSION = YES;
				CLANG_WARN_COMMA = YES;
				CLANG_WARN_CONSTANT_CONVERSION = YES;
				CLANG_WARN_DEPRECATED_OBJC_IMPLEMENTATIONS = YES;
				CLANG_WARN_DIRECT_OBJC_ISA_USAGE = YES_ERROR;
				CLANG_WARN_DOCUMENTATION_COMMENTS = YES;
				CLANG_WARN_EMPTY_BODY = YES;
				CLANG_WARN_ENUM_CONVERSION = YES;
				CLANG_WARN_INFINITE_RECURSION = YES;
				CLANG_WARN_INT_CONVERSION = YES;
				CLANG_WARN_NON_LITERAL_NULL_CONVERSION = YES;
				CLANG_WARN_OBJC_IMPLICIT_RETAIN_SELF = YES;
				CLANG_WARN_OBJC_LITERAL_CONVERSION = YES;
				CLANG_WARN_OBJC_ROOT_CLASS = YES_ERROR;
				CLANG_WARN_QUOTED_INCLUDE_IN_FRAMEWORK_HEADER = YES;
				CLANG_WARN_RANGE_LOOP_ANALYSIS = YES;
				CLANG_WARN_STRICT_PROTOTYPES = YES;
				CLANG_WARN_SUSPICIOUS_MOVE = YES;
				CLANG_WARN_UNGUARDED_AVAILABILITY = YES_AGGRESSIVE;
				CLANG_WARN_UNREACHABLE_CODE = YES;
				CLANG_WARN__DUPLICATE_METHOD_MATCH = YES;
				COPY_PHASE_STRIP = NO;
				DEBUG_INFORMATION_FORMAT = "dwarf-with-dsym";
				ENABLE_NS_ASSERTIONS = NO;
				ENABLE_STRICT_OBJC_MSGSEND = YES;
				ENABLE_USER_SCRIPT_SANDBOXING = YES;
				GCC_C_LANGUAGE_STANDARD = gnu17;
				GCC_NO_COMMON_BLOCKS = YES;
				GCC_WARN_64_TO_32_BIT_CONVERSION = YES;
				GCC_WARN_ABOUT_RETURN_TYPE = YES_ERROR;
				GCC_WARN_UNDECLARED_SELECTOR = YES;
				GCC_WARN_UNINITIALIZED_AUTOS = YES_AGGRESSIVE;
				GCC_WARN_UNUSED_FUNCTION = YES;
				GCC_WARN_UNUSED_VARIABLE = YES;
				IPHONEOS_DEPLOYMENT_TARGET = 17.0;
				LOCALIZATION_PREFERS_STRING_CATALOGS = YES;
				MTL_ENABLE_DEBUG_INFO = NO;
				MTL_FAST_MATH = YES;
				SDKROOT = iphoneos;
				SWIFT_COMPILATION_MODE = wholemodule;
				VALIDATE_PRODUCT = YES;
			};
			name = Release;
		};
		58D2ABF52C3ECCAA00B848CA /* Debug */ = {
			isa = XCBuildConfiguration;
			buildSettings = {
				ASSETCATALOG_COMPILER_APPICON_NAME = AppIcon;
				ASSETCATALOG_COMPILER_GLOBAL_ACCENT_COLOR_NAME = AccentColor;
				CODE_SIGN_STYLE = Automatic;
				CURRENT_PROJECT_VERSION = 1;
				DEVELOPMENT_ASSET_PATHS = "\"assessment/Preview Content\"";
				DEVELOPMENT_TEAM = ZM8QBWMF9G;
				ENABLE_PREVIEWS = YES;
				GENERATE_INFOPLIST_FILE = YES;
				INFOPLIST_KEY_UIApplicationSceneManifest_Generation = YES;
				INFOPLIST_KEY_UIApplicationSupportsIndirectInputEvents = YES;
				INFOPLIST_KEY_UILaunchScreen_Generation = YES;
				INFOPLIST_KEY_UISupportedInterfaceOrientations_iPad = "UIInterfaceOrientationPortrait UIInterfaceOrientationPortraitUpsideDown UIInterfaceOrientationLandscapeLeft UIInterfaceOrientationLandscapeRight";
				INFOPLIST_KEY_UISupportedInterfaceOrientations_iPhone = "UIInterfaceOrientationPortrait UIInterfaceOrientationLandscapeLeft UIInterfaceOrientationLandscapeRight";
				LD_RUNPATH_SEARCH_PATHS = (
					"$(inherited)",
					"@executable_path/Frameworks",
				);
				MARKETING_VERSION = 1.0;
				PRODUCT_BUNDLE_IDENTIFIER = com.sv.assessment;
				PRODUCT_NAME = "$(TARGET_NAME)";
				SWIFT_EMIT_LOC_STRINGS = YES;
				SWIFT_VERSION = 5.0;
				TARGETED_DEVICE_FAMILY = "1,2";
			};
			name = Debug;
		};
		58D2ABF62C3ECCAA00B848CA /* Release */ = {
			isa = XCBuildConfiguration;
			buildSettings = {
				ASSETCATALOG_COMPILER_APPICON_NAME = AppIcon;
				ASSETCATALOG_COMPILER_GLOBAL_ACCENT_COLOR_NAME = AccentColor;
				CODE_SIGN_STYLE = Automatic;
				CURRENT_PROJECT_VERSION = 1;
				DEVELOPMENT_ASSET_PATHS = "\"assessment/Preview Content\"";
				DEVELOPMENT_TEAM = ZM8QBWMF9G;
				ENABLE_PREVIEWS = YES;
				GENERATE_INFOPLIST_FILE = YES;
				INFOPLIST_KEY_UIApplicationSceneManifest_Generation = YES;
				INFOPLIST_KEY_UIApplicationSupportsIndirectInputEvents = YES;
				INFOPLIST_KEY_UILaunchScreen_Generation = YES;
				INFOPLIST_KEY_UISupportedInterfaceOrientations_iPad = "UIInterfaceOrientationPortrait UIInterfaceOrientationPortraitUpsideDown UIInterfaceOrientationLandscapeLeft UIInterfaceOrientationLandscapeRight";
				INFOPLIST_KEY_UISupportedInterfaceOrientations_iPhone = "UIInterfaceOrientationPortrait UIInterfaceOrientationLandscapeLeft UIInterfaceOrientationLandscapeRight";
				LD_RUNPATH_SEARCH_PATHS = (
					"$(inherited)",
					"@executable_path/Frameworks",
				);
				MARKETING_VERSION = 1.0;
				PRODUCT_BUNDLE_IDENTIFIER = com.sv.assessment;
				PRODUCT_NAME = "$(TARGET_NAME)";
				SWIFT_EMIT_LOC_STRINGS = YES;
				SWIFT_VERSION = 5.0;
				TARGETED_DEVICE_FAMILY = "1,2";
			};
			name = Release;
		};
		58D2ABF82C3ECCAA00B848CA /* Debug */ = {
			isa = XCBuildConfiguration;
			buildSettings = {
				ALWAYS_EMBED_SWIFT_STANDARD_LIBRARIES = YES;
				BUNDLE_LOADER = "$(TEST_HOST)";
				CODE_SIGN_STYLE = Automatic;
				CURRENT_PROJECT_VERSION = 1;
				DEVELOPMENT_TEAM = ZM8QBWMF9G;
				GENERATE_INFOPLIST_FILE = YES;
				IPHONEOS_DEPLOYMENT_TARGET = 17.0;
				MARKETING_VERSION = 1.0;
				PRODUCT_BUNDLE_IDENTIFIER = com.sv.assessmentTests;
				PRODUCT_NAME = "$(TARGET_NAME)";
				SWIFT_EMIT_LOC_STRINGS = NO;
				SWIFT_VERSION = 5.0;
				TARGETED_DEVICE_FAMILY = "1,2";
				TEST_HOST = "$(BUILT_PRODUCTS_DIR)/assessment.app/$(BUNDLE_EXECUTABLE_FOLDER_PATH)/assessment";
			};
			name = Debug;
		};
		58D2ABF92C3ECCAA00B848CA /* Release */ = {
			isa = XCBuildConfiguration;
			buildSettings = {
				ALWAYS_EMBED_SWIFT_STANDARD_LIBRARIES = YES;
				BUNDLE_LOADER = "$(TEST_HOST)";
				CODE_SIGN_STYLE = Automatic;
				CURRENT_PROJECT_VERSION = 1;
				DEVELOPMENT_TEAM = ZM8QBWMF9G;
				GENERATE_INFOPLIST_FILE = YES;
				IPHONEOS_DEPLOYMENT_TARGET = 17.0;
				MARKETING_VERSION = 1.0;
				PRODUCT_BUNDLE_IDENTIFIER = com.sv.assessmentTests;
				PRODUCT_NAME = "$(TARGET_NAME)";
				SWIFT_EMIT_LOC_STRINGS = NO;
				SWIFT_VERSION = 5.0;
				TARGETED_DEVICE_FAMILY = "1,2";
				TEST_HOST = "$(BUILT_PRODUCTS_DIR)/assessment.app/$(BUNDLE_EXECUTABLE_FOLDER_PATH)/assessment";
			};
			name = Release;
		};
		58D2ABFB2C3ECCAA00B848CA /* Debug */ = {
			isa = XCBuildConfiguration;
			buildSettings = {
				ALWAYS_EMBED_SWIFT_STANDARD_LIBRARIES = YES;
				CODE_SIGN_STYLE = Automatic;
				CURRENT_PROJECT_VERSION = 1;
				DEVELOPMENT_TEAM = ZM8QBWMF9G;
				GENERATE_INFOPLIST_FILE = YES;
				MARKETING_VERSION = 1.0;
				PRODUCT_BUNDLE_IDENTIFIER = com.sv.assessmentUITests;
				PRODUCT_NAME = "$(TARGET_NAME)";
				SWIFT_EMIT_LOC_STRINGS = NO;
				SWIFT_VERSION = 5.0;
				TARGETED_DEVICE_FAMILY = "1,2";
				TEST_TARGET_NAME = assessment;
			};
			name = Debug;
		};
		58D2ABFC2C3ECCAA00B848CA /* Release */ = {
			isa = XCBuildConfiguration;
			buildSettings = {
				ALWAYS_EMBED_SWIFT_STANDARD_LIBRARIES = YES;
				CODE_SIGN_STYLE = Automatic;
				CURRENT_PROJECT_VERSION = 1;
				DEVELOPMENT_TEAM = ZM8QBWMF9G;
				GENERATE_INFOPLIST_FILE = YES;
				MARKETING_VERSION = 1.0;
				PRODUCT_BUNDLE_IDENTIFIER = com.sv.assessmentUITests;
				PRODUCT_NAME = "$(TARGET_NAME)";
				SWIFT_EMIT_LOC_STRINGS = NO;
				SWIFT_VERSION = 5.0;
				TARGETED_DEVICE_FAMILY = "1,2";
				TEST_TARGET_NAME = assessment;
			};
			name = Release;
		};
/* End XCBuildConfiguration section */

/* Begin XCConfigurationList section */
		58D2ABC92C3ECCA800B848CA /* Build configuration list for PBXProject "assessment" */ = {
			isa = XCConfigurationList;
			buildConfigurations = (
				58D2ABF22C3ECCAA00B848CA /* Debug */,
				58D2ABF32C3ECCAA00B848CA /* Release */,
			);
			defaultConfigurationIsVisible = 0;
			defaultConfigurationName = Release;
		};
		58D2ABF42C3ECCAA00B848CA /* Build configuration list for PBXNativeTarget "assessment" */ = {
			isa = XCConfigurationList;
			buildConfigurations = (
				58D2ABF52C3ECCAA00B848CA /* Debug */,
				58D2ABF62C3ECCAA00B848CA /* Release */,
			);
			defaultConfigurationIsVisible = 0;
			defaultConfigurationName = Release;
		};
		58D2ABF72C3ECCAA00B848CA /* Build configuration list for PBXNativeTarget "assessmentTests" */ = {
			isa = XCConfigurationList;
			buildConfigurations = (
				58D2ABF82C3ECCAA00B848CA /* Debug */,
				58D2ABF92C3ECCAA00B848CA /* Release */,
			);
			defaultConfigurationIsVisible = 0;
			defaultConfigurationName = Release;
		};
		58D2ABFA2C3ECCAA00B848CA /* Build configuration list for PBXNativeTarget "assessmentUITests" */ = {
			isa = XCConfigurationList;
			buildConfigurations = (
				58D2ABFB2C3ECCAA00B848CA /* Debug */,
				58D2ABFC2C3ECCAA00B848CA /* Release */,
			);
			defaultConfigurationIsVisible = 0;
			defaultConfigurationName = Release;
		};
/* End XCConfigurationList section */
	};
	rootObject = 58D2ABC62C3ECCA800B848CA /* Project object */;
}
